
Microsoft Visual Studio Solution File, Format Version 12.00
# Visual Studio Version 17
VisualStudioVersion = 17.3.32804.467
MinimumVisualStudioVersion = 10.0.40219.1
Project("{FAE04EC0-301F-11D3-BF4B-00C04F79EFBC}") = "TicTacToe", "TicTacToe.csproj", "{389EF4E4-D723-45B2-AC71-9535CDC519AE}"
EndProject
Global
	GlobalSection(SolutionConfigurationPlatforms) = preSolution
		Debug|Any CPU = Debug|Any CPU
		Release|Any CPU = Release|Any CPU
	EndGlobalSection
	GlobalSection(ProjectConfigurationPlatforms) = postSolution
		{389EF4E4-D723-45B2-AC71-9535CDC519AE}.Debug|Any CPU.ActiveCfg = Debug|Any CPU
		{389EF4E4-D723-45B2-AC71-9535CDC519AE}.Debug|Any CPU.Build.0 = Debug|Any CPU
		{389EF4E4-D723-45B2-AC71-9535CDC519AE}.Release|Any CPU.ActiveCfg = Release|Any CPU
		{389EF4E4-D723-45B2-AC71-9535CDC519AE}.Release|Any CPU.Build.0 = Release|Any CPU
	EndGlobalSection
	GlobalSection(SolutionProperties) = preSolution
		HideSolutionNode = FALSE
	EndGlobalSection
	GlobalSection(ExtensibilityGlobals) = postSolution
		SolutionGuid = {06D3337D-254D-4376-A3E8-FE9CC32520C5}
	EndGlobalSection
EndGlobal
